{
  "pins" : [
    {
      "identity" : "id3tageditor",
      "kind" : "remoteSourceControl",
      "location" : "https://github.com/chicio/ID3TagEditor",
      "state" : {
        "revision" : "87242fcb531e31eb7a94ec363c9631fe4e510ebb",
        "version" : "4.5.0"
      }
    },
    {
      "identity" : "modernui",
      "kind" : "remoteSourceControl",
      "location" : "https://github.com/YimingDesigner/ModernUI",
      "state" : {
        "revision" : "1fa29466510e2161337b09f24e8a24d9cc50198e",
        "version" : "1.1.0"
      }
    }
  ],
  "version" : 2
}
